
Microsoft Visual Studio Solution File, Format Version 12.00
# Visual Studio Version 16
VisualStudioVersion = 16.0.31613.86
MinimumVisualStudioVersion = 10.0.40219.1
Project("{FAE04EC0-301F-11D3-BF4B-00C04F79EFBC}") = "GithubActionsDemoApi", "GithubActionsDemoApi\GithubActionsDemoApi.csproj", "{47BC8525-6AD7-49B3-BA85-4EA0ED59A862}"
EndProject
Global
	GlobalSection(SolutionConfigurationPlatforms) = preSolution
		Debug|Any CPU = Debug|Any CPU
		Release|Any CPU = Release|Any CPU
	EndGlobalSection
	GlobalSection(ProjectConfigurationPlatforms) = postSolution
		{47BC8525-6AD7-49B3-BA85-4EA0ED59A862}.Debug|Any CPU.ActiveCfg = Debug|Any CPU
		{47BC8525-6AD7-49B3-BA85-4EA0ED59A862}.Debug|Any CPU.Build.0 = Debug|Any CPU
		{47BC8525-6AD7-49B3-BA85-4EA0ED59A862}.Release|Any CPU.ActiveCfg = Release|Any CPU
		{47BC8525-6AD7-49B3-BA85-4EA0ED59A862}.Release|Any CPU.Build.0 = Release|Any CPU
	EndGlobalSection
	GlobalSection(SolutionProperties) = preSolution
		HideSolutionNode = FALSE
	EndGlobalSection
	GlobalSection(ExtensibilityGlobals) = postSolution
		SolutionGuid = {4C826EF0-56EA-43B2-95F5-BD17E58B2E0F}
	EndGlobalSection
EndGlobal
